
Microsoft Visual Studio Solution File, Format Version 12.00
# Visual Studio Version 17
VisualStudioVersion = 17.14.36414.22
MinimumVisualStudioVersion = 10.0.40219.1
Project("{FAE04EC0-301F-11D3-BF4B-00C04F79EFBC}") = "OOP_CA2_Emilia_Dobrucka", "OOP_CA2_Emilia_Dobrucka.csproj", "{DFF34DA9-6D71-4B6A-BBE5-715D3810B8DD}"
EndProject
Project("{FAE04EC0-301F-11D3-BF4B-00C04F79EFBC}") = "Gay", "..\Gay\Gay.csproj", "{55C80C40-C634-4FDE-A147-361EF02095C7}"
EndProject
Global
	GlobalSection(SolutionConfigurationPlatforms) = preSolution
		Debug|Any CPU = Debug|Any CPU
		Release|Any CPU = Release|Any CPU
	EndGlobalSection
	GlobalSection(ProjectConfigurationPlatforms) = postSolution
		{DFF34DA9-6D71-4B6A-BBE5-715D3810B8DD}.Debug|Any CPU.ActiveCfg = Debug|Any CPU
		{DFF34DA9-6D71-4B6A-BBE5-715D3810B8DD}.Debug|Any CPU.Build.0 = Debug|Any CPU
		{DFF34DA9-6D71-4B6A-BBE5-715D3810B8DD}.Release|Any CPU.ActiveCfg = Release|Any CPU
		{DFF34DA9-6D71-4B6A-BBE5-715D3810B8DD}.Release|Any CPU.Build.0 = Release|Any CPU
		{55C80C40-C634-4FDE-A147-361EF02095C7}.Debug|Any CPU.ActiveCfg = Debug|Any CPU
		{55C80C40-C634-4FDE-A147-361EF02095C7}.Debug|Any CPU.Build.0 = Debug|Any CPU
		{55C80C40-C634-4FDE-A147-361EF02095C7}.Release|Any CPU.ActiveCfg = Release|Any CPU
		{55C80C40-C634-4FDE-A147-361EF02095C7}.Release|Any CPU.Build.0 = Release|Any CPU
	EndGlobalSection
	GlobalSection(SolutionProperties) = preSolution
		HideSolutionNode = FALSE
	EndGlobalSection
	GlobalSection(ExtensibilityGlobals) = postSolution
		SolutionGuid = {1BACD7DE-BE5E-4448-96A3-58DC0107C627}
	EndGlobalSection
EndGlobal
